{
  "lockfileVersion": 1,
  "configVersion": 1,
  "workspaces": {
    "": {
      "name": "kimi-search-mcp",
      "dependencies": {
        "@xsai/generate-text": "^0.4.4",
      },
      "devDependencies": {
        "@types/bun": "latest",
      },
      "peerDependencies": {
        "typescript": "^5",
      },
    },
  },
  "packages": {
    "@types/bun": ["@types/bun@1.3.10", "https://registry.npmmirror.com/@types/bun/-/bun-1.3.10.tgz", { "dependencies": { "bun-types": "1.3.10" } }, "sha512-0+rlrUrOrTSskibryHbvQkDOWRJwJZqZlxrUs1u4oOoTln8+WIXBPmAuCF35SWB2z4Zl3E84Nl/D0P7803nigQ=="],

    "@types/node": ["@types/node@25.4.0", "https://registry.npmmirror.com/@types/node/-/node-25.4.0.tgz", { "dependencies": { "undici-types": "~7.18.0" } }, "sha512-9wLpoeWuBlcbBpOY3XmzSTG3oscB6xjBEEtn+pYXTfhyXhIxC5FsBer2KTopBlvKEiW9l13po9fq+SJY/5lkhw=="],

    "@xsai/generate-text": ["@xsai/generate-text@0.4.4", "https://registry.npmmirror.com/@xsai/generate-text/-/generate-text-0.4.4.tgz", { "dependencies": { "@xsai/shared": "~0.4.4", "@xsai/shared-chat": "~0.4.4" } }, "sha512-eDLeRaaeY3SyjrICeIfPXksqfk36oXLTcjinDNLrsiFHqmNvxfbq3WRccy6hjZy4aOWhkV+qPFZnB3ZIyTfs8w=="],

    "@xsai/shared": ["@xsai/shared@0.4.4", "https://registry.npmmirror.com/@xsai/shared/-/shared-0.4.4.tgz", {}, "sha512-ZrOeRJ0fqV8YRDwyQbYJx1N8Fe2UTl2psjV7ucYJ+gMr3oWzrmNfTX9zrpV9zwzBMUe6VvqhK/iJzz8p4jYlsw=="],

    "@xsai/shared-chat": ["@xsai/shared-chat@0.4.4", "https://registry.npmmirror.com/@xsai/shared-chat/-/shared-chat-0.4.4.tgz", { "dependencies": { "@xsai/shared": "~0.4.4" } }, "sha512-R/lJDt6SnENVaJcUCO1USVuO/G6qtCbJqopPqARF1n20KWDbchLwW/nvkuZH1TM9vMxaywVNmO9sNJ+uoWJEPA=="],

    "bun-types": ["bun-types@1.3.10", "https://registry.npmmirror.com/bun-types/-/bun-types-1.3.10.tgz", { "dependencies": { "@types/node": "*" } }, "sha512-tcpfCCl6XWo6nCVnpcVrxQ+9AYN1iqMIzgrSKYMB/fjLtV2eyAVEg7AxQJuCq/26R6HpKWykQXuSOq/21RYcbg=="],

    "typescript": ["typescript@5.9.3", "https://registry.npmmirror.com/typescript/-/typescript-5.9.3.tgz", { "bin": { "tsc": "bin/tsc", "tsserver": "bin/tsserver" } }, "sha512-jl1vZzPDinLr9eUt3J/t7V6FgNEw9QjvBPdysz9KfQDD41fQrC2Y4vKQdiaUpFT4bXlb1RHhLpp8wtm6M5TgSw=="],

    "undici-types": ["undici-types@7.18.2", "https://registry.npmmirror.com/undici-types/-/undici-types-7.18.2.tgz", {}, "sha512-AsuCzffGHJybSaRrmr5eHr81mwJU3kjw6M+uprWvCXiNeN9SOGwQ3Jn8jb8m3Z6izVgknn1R0FTCEAP2QrLY/w=="],
  }
}
